
Microsoft Visual Studio Solution File, Format Version 12.00
# Visual Studio 15
VisualStudioVersion = 15.0.27130.2036
MinimumVisualStudioVersion = 10.0.40219.1
Project("{FAE04EC0-301F-11D3-BF4B-00C04F79EFBC}") = "MultiKeyRSA", "MultiKeyRSA\MultiKeyRSA.csproj", "{8565A37F-5E83-421E-BFC6-9AEC0476048D}"
EndProject
Global
	GlobalSection(SolutionConfigurationPlatforms) = preSolution
		Debug|Any CPU = Debug|Any CPU
		Release|Any CPU = Release|Any CPU
	EndGlobalSection
	GlobalSection(ProjectConfigurationPlatforms) = postSolution
		{8565A37F-5E83-421E-BFC6-9AEC0476048D}.Debug|Any CPU.ActiveCfg = Debug|Any CPU
		{8565A37F-5E83-421E-BFC6-9AEC0476048D}.Debug|Any CPU.Build.0 = Debug|Any CPU
		{8565A37F-5E83-421E-BFC6-9AEC0476048D}.Release|Any CPU.ActiveCfg = Release|Any CPU
		{8565A37F-5E83-421E-BFC6-9AEC0476048D}.Release|Any CPU.Build.0 = Release|Any CPU
	EndGlobalSection
	GlobalSection(SolutionProperties) = preSolution
		HideSolutionNode = FALSE
	EndGlobalSection
	GlobalSection(ExtensibilityGlobals) = postSolution
		SolutionGuid = {F5375961-3896-4725-A984-01AA78D07351}
	EndGlobalSection
EndGlobal
